// !$*UTF8*$!
{
	archiveVersion = 1;
	classes = {
	};
	objectVersion = 51;
	objects = {

/* Begin PBXBuildFile section */
		7FCA46C28454103D80B3B02A /* Pods_GO_Native.framework in Frameworks */ = {isa = PBXBuildFile; fileRef = 20F8F21D1C31236C6F3F0493 /* Pods_GO_Native.framework */; };
		E702D7292337D82F0065DCF5 /* BirdInfoController.swift in Sources */ = {isa = PBXBuildFile; fileRef = E702D7282337D82F0065DCF5 /* BirdInfoController.swift */; };
		E702D72B2337D87B0065DCF5 /* InfoDisplay.swift in Sources */ = {isa = PBXBuildFile; fileRef = E702D72A2337D87B0065DCF5 /* InfoDisplay.swift */; };
		E729C5FA233B368B0067A28C /* GoogleService-Info.plist in Resources */ = {isa = PBXBuildFile; fileRef = E729C5F9233B368A0067A28C /* GoogleService-Info.plist */; };
		E729C5FC233B606B0067A28C /* PreviewPhotoContainerView.swift in Sources */ = {isa = PBXBuildFile; fileRef = E729C5FB233B606B0067A28C /* PreviewPhotoContainerView.swift */; };
		E72B54A42334FCBA005DD8E0 /* BirdAddedController.swift in Sources */ = {isa = PBXBuildFile; fileRef = E72B54A32334FCBA005DD8E0 /* BirdAddedController.swift */; };
		E735C0B6233304060023AB16 /* CameraController.swift in Sources */ = {isa = PBXBuildFile; fileRef = E735C0B5233304060023AB16 /* CameraController.swift */; };
		E735C0B823338A930023AB16 /* AddBirdController.swift in Sources */ = {isa = PBXBuildFile; fileRef = E735C0B723338A930023AB16 /* AddBirdController.swift */; };
		E735C0BA233390EC0023AB16 /* BaseViewController.swift in Sources */ = {isa = PBXBuildFile; fileRef = E735C0B9233390EC0023AB16 /* BaseViewController.swift */; };
		E7834288214754CA00E760D0 /* AppDelegate.swift in Sources */ = {isa = PBXBuildFile; fileRef = E7834287214754CA00E760D0 /* AppDelegate.swift */; };
		E783428F214754CB00E760D0 /* Assets.xcassets in Resources */ = {isa = PBXBuildFile; fileRef = E783428E214754CB00E760D0 /* Assets.xcassets */; };
		E7AC7B1F232CEEFA00269808 /* HomeController.swift in Sources */ = {isa = PBXBuildFile; fileRef = E7AC7B1E232CEEFA00269808 /* HomeController.swift */; };
		E7AC7B24232CF2A600269808 /* BirdCell.swift in Sources */ = {isa = PBXBuildFile; fileRef = E7AC7B23232CF2A600269808 /* BirdCell.swift */; };
		E7AC7B26232D1E9000269808 /* LaunchScreen.storyboard in Resources */ = {isa = PBXBuildFile; fileRef = E7AC7B25232D1E9000269808 /* LaunchScreen.storyboard */; };
		E7B1EE4123325D810066AAA7 /* Extensions.swift in Sources */ = {isa = PBXBuildFile; fileRef = E7B1EE4023325D810066AAA7 /* Extensions.swift */; };
		E7BD39672346DD150038D521 /* PhotoLibraryController.swift in Sources */ = {isa = PBXBuildFile; fileRef = E7BD39662346DD150038D521 /* PhotoLibraryController.swift */; };
		E7C738392334ADF00011E89A /* HeaderView.swift in Sources */ = {isa = PBXBuildFile; fileRef = E7C738382334ADF00011E89A /* HeaderView.swift */; };
		E7CCA5C621529729004505AD /* BirdModel.swift in Sources */ = {isa = PBXBuildFile; fileRef = E7CCA5C521529729004505AD /* BirdModel.swift */; };
		E7CE5EB4215271E000289731 /* birds_database.json in Resources */ = {isa = PBXBuildFile; fileRef = E7CE5EB3215271E000289731 /* birds_database.json */; };
/* End PBXBuildFile section */

/* Begin PBXFileReference section */
		20F8F21D1C31236C6F3F0493 /* Pods_GO_Native.framework */ = {isa = PBXFileReference; explicitFileType = wrapper.framework; includeInIndex = 0; path = Pods_GO_Native.framework; sourceTree = BUILT_PRODUCTS_DIR; };
		A0DB423D4DBA597C9BF5FE8F /* Pods-GO-Native.debug.xcconfig */ = {isa = PBXFileReference; includeInIndex = 1; lastKnownFileType = text.xcconfig; name = "Pods-GO-Native.debug.xcconfig"; path = "Target Support Files/Pods-GO-Native/Pods-GO-Native.debug.xcconfig"; sourceTree = "<group>"; };
		C637D2C8DB5E9530094307F1 /* Pods-GO-Native.release.xcconfig */ = {isa = PBXFileReference; includeInIndex = 1; lastKnownFileType = text.xcconfig; name = "Pods-GO-Native.release.xcconfig"; path = "Target Support Files/Pods-GO-Native/Pods-GO-Native.release.xcconfig"; sourceTree = "<group>"; };
		E702D7282337D82F0065DCF5 /* BirdInfoController.swift */ = {isa = PBXFileReference; lastKnownFileType = sourcecode.swift; path = BirdInfoController.swift; sourceTree = "<group>"; };
		E702D72A2337D87B0065DCF5 /* InfoDisplay.swift */ = {isa = PBXFileReference; lastKnownFileType = sourcecode.swift; path = InfoDisplay.swift; sourceTree = "<group>"; };
		E729C5F9233B368A0067A28C /* GoogleService-Info.plist */ = {isa = PBXFileReference; fileEncoding = 4; lastKnownFileType = text.plist.xml; path = "GoogleService-Info.plist"; sourceTree = "<group>"; };
		E729C5FB233B606B0067A28C /* PreviewPhotoContainerView.swift */ = {isa = PBXFileReference; lastKnownFileType = sourcecode.swift; path = PreviewPhotoContainerView.swift; sourceTree = "<group>"; };
		E72B54A32334FCBA005DD8E0 /* BirdAddedController.swift */ = {isa = PBXFileReference; lastKnownFileType = sourcecode.swift; path = BirdAddedController.swift; sourceTree = "<group>"; };
		E735C0B5233304060023AB16 /* CameraController.swift */ = {isa = PBXFileReference; lastKnownFileType = sourcecode.swift; path = CameraController.swift; sourceTree = "<group>"; };
		E735C0B723338A930023AB16 /* AddBirdController.swift */ = {isa = PBXFileReference; lastKnownFileType = sourcecode.swift; path = AddBirdController.swift; sourceTree = "<group>"; };
		E735C0B9233390EC0023AB16 /* BaseViewController.swift */ = {isa = PBXFileReference; lastKnownFileType = sourcecode.swift; path = BaseViewController.swift; sourceTree = "<group>"; };
		E7834284214754CA00E760D0 /* GO-Native.app */ = {isa = PBXFileReference; explicitFileType = wrapper.application; includeInIndex = 0; path = "GO-Native.app"; sourceTree = BUILT_PRODUCTS_DIR; };
		E7834287214754CA00E760D0 /* AppDelegate.swift */ = {isa = PBXFileReference; lastKnownFileType = sourcecode.swift; path = AppDelegate.swift; sourceTree = "<group>"; };
		E783428E214754CB00E760D0 /* Assets.xcassets */ = {isa = PBXFileReference; lastKnownFileType = folder.assetcatalog; path = Assets.xcassets; sourceTree = "<group>"; };
		E7834293214754CB00E760D0 /* Info.plist */ = {isa = PBXFileReference; lastKnownFileType = text.plist.xml; path = Info.plist; sourceTree = "<group>"; };
		E7AC7B1E232CEEFA00269808 /* HomeController.swift */ = {isa = PBXFileReference; lastKnownFileType = sourcecode.swift; path = HomeController.swift; sourceTree = "<group>"; };
		E7AC7B23232CF2A600269808 /* BirdCell.swift */ = {isa = PBXFileReference; lastKnownFileType = sourcecode.swift; path = BirdCell.swift; sourceTree = "<group>"; };
		E7AC7B25232D1E9000269808 /* LaunchScreen.storyboard */ = {isa = PBXFileReference; lastKnownFileType = file.storyboard; path = LaunchScreen.storyboard; sourceTree = "<group>"; };
		E7B1EE4023325D810066AAA7 /* Extensions.swift */ = {isa = PBXFileReference; lastKnownFileType = sourcecode.swift; path = Extensions.swift; sourceTree = "<group>"; };
		E7BD39662346DD150038D521 /* PhotoLibraryController.swift */ = {isa = PBXFileReference; lastKnownFileType = sourcecode.swift; path = PhotoLibraryController.swift; sourceTree = "<group>"; };
		E7C738382334ADF00011E89A /* HeaderView.swift */ = {isa = PBXFileReference; lastKnownFileType = sourcecode.swift; path = HeaderView.swift; sourceTree = "<group>"; };
		E7CCA5C521529729004505AD /* BirdModel.swift */ = {isa = PBXFileReference; lastKnownFileType = sourcecode.swift; path = BirdModel.swift; sourceTree = "<group>"; };
		E7CE5EB3215271E000289731 /* birds_database.json */ = {isa = PBXFileReference; fileEncoding = 4; lastKnownFileType = text.json; path = birds_database.json; sourceTree = "<group>"; };
/* End PBXFileReference section */

/* Begin PBXFrameworksBuildPhase section */
		E7834281214754CA00E760D0 /* Frameworks */ = {
			isa = PBXFrameworksBuildPhase;
			buildActionMask = 2147483647;
			files = (
				7FCA46C28454103D80B3B02A /* Pods_GO_Native.framework in Frameworks */,
			);
			runOnlyForDeploymentPostprocessing = 0;
		};
/* End PBXFrameworksBuildPhase section */

/* Begin PBXGroup section */
		38B9DAA59D3D8E9B6C20AAFE /* Pods */ = {
			isa = PBXGroup;
			children = (
				A0DB423D4DBA597C9BF5FE8F /* Pods-GO-Native.debug.xcconfig */,
				C637D2C8DB5E9530094307F1 /* Pods-GO-Native.release.xcconfig */,
			);
			path = Pods;
			sourceTree = "<group>";
		};
		4521DF3F39712A143FFD829C /* Frameworks */ = {
			isa = PBXGroup;
			children = (
				20F8F21D1C31236C6F3F0493 /* Pods_GO_Native.framework */,
			);
			name = Frameworks;
			sourceTree = "<group>";
		};
		E73BCC67215A0228007E93C5 /* Model */ = {
			isa = PBXGroup;
			children = (
				E7CCA5C521529729004505AD /* BirdModel.swift */,
			);
			path = Model;
			sourceTree = "<group>";
		};
		E783427B214754CA00E760D0 = {
			isa = PBXGroup;
			children = (
				E7834286214754CA00E760D0 /* GO-Native */,
				E7834285214754CA00E760D0 /* Products */,
				38B9DAA59D3D8E9B6C20AAFE /* Pods */,
				4521DF3F39712A143FFD829C /* Frameworks */,
			);
			sourceTree = "<group>";
		};
		E7834285214754CA00E760D0 /* Products */ = {
			isa = PBXGroup;
			children = (
				E7834284214754CA00E760D0 /* GO-Native.app */,
			);
			name = Products;
			sourceTree = "<group>";
		};
		E7834286214754CA00E760D0 /* GO-Native */ = {
			isa = PBXGroup;
			children = (
				E7F7559D23320FD40049A291 /* Helpers */,
				E73BCC67215A0228007E93C5 /* Model */,
				E7AC7B22232CF22C00269808 /* View */,
				E7AC7B21232CF22200269808 /* Controller */,
				E7834287214754CA00E760D0 /* AppDelegate.swift */,
				E7AC7B25232D1E9000269808 /* LaunchScreen.storyboard */,
				E783428E214754CB00E760D0 /* Assets.xcassets */,
				E7834293214754CB00E760D0 /* Info.plist */,
				E729C5F9233B368A0067A28C /* GoogleService-Info.plist */,
				E7CE5EB3215271E000289731 /* birds_database.json */,
			);
			path = "GO-Native";
			sourceTree = "<group>";
		};
		E7AC7B21232CF22200269808 /* Controller */ = {
			isa = PBXGroup;
			children = (
				E735C0B9233390EC0023AB16 /* BaseViewController.swift */,
				E7AC7B1E232CEEFA00269808 /* HomeController.swift */,
				E735C0B5233304060023AB16 /* CameraController.swift */,
				E7BD39662346DD150038D521 /* PhotoLibraryController.swift */,
				E735C0B723338A930023AB16 /* AddBirdController.swift */,
				E72B54A32334FCBA005DD8E0 /* BirdAddedController.swift */,
				E702D7282337D82F0065DCF5 /* BirdInfoController.swift */,
			);
			path = Controller;
			sourceTree = "<group>";
		};
		E7AC7B22232CF22C00269808 /* View */ = {
			isa = PBXGroup;
			children = (
				E7AC7B23232CF2A600269808 /* BirdCell.swift */,
				E7C738382334ADF00011E89A /* HeaderView.swift */,
				E702D72A2337D87B0065DCF5 /* InfoDisplay.swift */,
				E729C5FB233B606B0067A28C /* PreviewPhotoContainerView.swift */,
			);
			path = View;
			sourceTree = "<group>";
		};
		E7F7559D23320FD40049A291 /* Helpers */ = {
			isa = PBXGroup;
			children = (
				E7B1EE4023325D810066AAA7 /* Extensions.swift */,
			);
			path = Helpers;
			sourceTree = "<group>";
		};
/* End PBXGroup section */

/* Begin PBXNativeTarget section */
		E7834283214754CA00E760D0 /* GO-Native */ = {
			isa = PBXNativeTarget;
			buildConfigurationList = E7834296214754CB00E760D0 /* Build configuration list for PBXNativeTarget "GO-Native" */;
			buildPhases = (
				47723CDA30702B21F2E3C200 /* [CP] Check Pods Manifest.lock */,
				E7834280214754CA00E760D0 /* Sources */,
				E7834281214754CA00E760D0 /* Frameworks */,
				E7834282214754CA00E760D0 /* Resources */,
				888F42486A79DBDD338D582D /* [CP] Embed Pods Frameworks */,
			);
			buildRules = (
			);
			dependencies = (
			);
			name = "GO-Native";
			productName = "GO-Native";
			productReference = E7834284214754CA00E760D0 /* GO-Native.app */;
			productType = "com.apple.product-type.application";
		};
/* End PBXNativeTarget section */

/* Begin PBXProject section */
		E783427C214754CA00E760D0 /* Project object */ = {
			isa = PBXProject;
			attributes = {
				LastSwiftUpdateCheck = 0940;
				LastUpgradeCheck = 0940;
				ORGANIZATIONNAME = "Peter Lee";
				TargetAttributes = {
					E7834283214754CA00E760D0 = {
						CreatedOnToolsVersion = 9.4.1;
						LastSwiftMigration = 1030;
					};
				};
			};
			buildConfigurationList = E783427F214754CA00E760D0 /* Build configuration list for PBXProject "GO-Native" */;
			compatibilityVersion = "Xcode 9.3";
			developmentRegion = en;
			hasScannedForEncodings = 0;
			knownRegions = (
				en,
				Base,
			);
			mainGroup = E783427B214754CA00E760D0;
			productRefGroup = E7834285214754CA00E760D0 /* Products */;
			projectDirPath = "";
			projectRoot = "";
			targets = (
				E7834283214754CA00E760D0 /* GO-Native */,
			);
		};
/* End PBXProject section */

/* Begin PBXResourcesBuildPhase section */
		E7834282214754CA00E760D0 /* Resources */ = {
			isa = PBXResourcesBuildPhase;
			buildActionMask = 2147483647;
			files = (
				E7AC7B26232D1E9000269808 /* LaunchScreen.storyboard in Resources */,
				E729C5FA233B368B0067A28C /* GoogleService-Info.plist in Resources */,
				E783428F214754CB00E760D0 /* Assets.xcassets in Resources */,
				E7CE5EB4215271E000289731 /* birds_database.json in Resources */,
			);
			runOnlyForDeploymentPostprocessing = 0;
		};
/* End PBXResourcesBuildPhase section */

/* Begin PBXShellScriptBuildPhase section */
		47723CDA30702B21F2E3C200 /* [CP] Check Pods Manifest.lock */ = {
			isa = PBXShellScriptBuildPhase;
			buildActionMask = 2147483647;
			files = (
			);
			inputFileListPaths = (
			);
			inputPaths = (
				"${PODS_PODFILE_DIR_PATH}/Podfile.lock",
				"${PODS_ROOT}/Manifest.lock",
			);
			name = "[CP] Check Pods Manifest.lock";
			outputFileListPaths = (
			);
			outputPaths = (
				"$(DERIVED_FILE_DIR)/Pods-GO-Native-checkManifestLockResult.txt",
			);
			runOnlyForDeploymentPostprocessing = 0;
			shellPath = /bin/sh;
			shellScript = "diff \"${PODS_PODFILE_DIR_PATH}/Podfile.lock\" \"${PODS_ROOT}/Manifest.lock\" > /dev/null\nif [ $? != 0 ] ; then\n    # print error to STDERR\n    echo \"error: The sandbox is not in sync with the Podfile.lock. Run 'pod install' or update your CocoaPods installation.\" >&2\n    exit 1\nfi\n# This output is used by Xcode 'outputs' to avoid re-running this script phase.\necho \"SUCCESS\" > \"${SCRIPT_OUTPUT_FILE_0}\"\n";
			showEnvVarsInLog = 0;
		};
		888F42486A79DBDD338D582D /* [CP] Embed Pods Frameworks */ = {
			isa = PBXShellScriptBuildPhase;
			buildActionMask = 2147483647;
			files = (
			);
			inputFileListPaths = (
				"${PODS_ROOT}/Target Support Files/Pods-GO-Native/Pods-GO-Native-frameworks-${CONFIGURATION}-input-files.xcfilelist",
			);
			name = "[CP] Embed Pods Frameworks";
			outputFileListPaths = (
				"${PODS_ROOT}/Target Support Files/Pods-GO-Native/Pods-GO-Native-frameworks-${CONFIGURATION}-output-files.xcfilelist",
			);
			runOnlyForDeploymentPostprocessing = 0;
			shellPath = /bin/sh;
			shellScript = "\"${PODS_ROOT}/Target Support Files/Pods-GO-Native/Pods-GO-Native-frameworks.sh\"\n";
			showEnvVarsInLog = 0;
		};
/* End PBXShellScriptBuildPhase section */

/* Begin PBXSourcesBuildPhase section */
		E7834280214754CA00E760D0 /* Sources */ = {
			isa = PBXSourcesBuildPhase;
			buildActionMask = 2147483647;
			files = (
				E735C0B823338A930023AB16 /* AddBirdController.swift in Sources */,
				E729C5FC233B606B0067A28C /* PreviewPhotoContainerView.swift in Sources */,
				E72B54A42334FCBA005DD8E0 /* BirdAddedController.swift in Sources */,
				E7BD39672346DD150038D521 /* PhotoLibraryController.swift in Sources */,
				E7C738392334ADF00011E89A /* HeaderView.swift in Sources */,
				E702D72B2337D87B0065DCF5 /* InfoDisplay.swift in Sources */,
				E735C0B6233304060023AB16 /* CameraController.swift in Sources */,
				E7B1EE4123325D810066AAA7 /* Extensions.swift in Sources */,
				E7834288214754CA00E760D0 /* AppDelegate.swift in Sources */,
				E7AC7B24232CF2A600269808 /* BirdCell.swift in Sources */,
				E702D7292337D82F0065DCF5 /* BirdInfoController.swift in Sources */,
				E735C0BA233390EC0023AB16 /* BaseViewController.swift in Sources */,
				E7CCA5C621529729004505AD /* BirdModel.swift in Sources */,
				E7AC7B1F232CEEFA00269808 /* HomeController.swift in Sources */,
			);
			runOnlyForDeploymentPostprocessing = 0;
		};
/* End PBXSourcesBuildPhase section */

/* Begin XCBuildConfiguration section */
		E7834294214754CB00E760D0 /* Debug */ = {
			isa = XCBuildConfiguration;
			buildSettings = {
				ALWAYS_SEARCH_USER_PATHS = NO;
				CLANG_ANALYZER_NONNULL = YES;
				CLANG_ANALYZER_NUMBER_OBJECT_CONVERSION = YES_AGGRESSIVE;
				CLANG_CXX_LANGUAGE_STANDARD = "gnu++14";
				CLANG_CXX_LIBRARY = "libc++";
				CLANG_ENABLE_MODULES = YES;
				CLANG_ENABLE_OBJC_ARC = YES;
				CLANG_ENABLE_OBJC_WEAK = YES;
				CLANG_WARN_BLOCK_CAPTURE_AUTORELEASING = YES;
				CLANG_WARN_BOOL_CONVERSION = YES;
				CLANG_WARN_COMMA = YES;
				CLANG_WARN_CONSTANT_CONVERSION = YES;
				CLANG_WARN_DEPRECATED_OBJC_IMPLEMENTATIONS = YES;
				CLANG_WARN_DIRECT_OBJC_ISA_USAGE = YES_ERROR;
				CLANG_WARN_DOCUMENTATION_COMMENTS = YES;
				CLANG_WARN_EMPTY_BODY = YES;
				CLANG_WARN_ENUM_CONVERSION = YES;
				CLANG_WARN_INFINITE_RECURSION = YES;
				CLANG_WARN_INT_CONVERSION = YES;
				CLANG_WARN_NON_LITERAL_NULL_CONVERSION = YES;
				CLANG_WARN_OBJC_IMPLICIT_RETAIN_SELF = YES;
				CLANG_WARN_OBJC_LITERAL_CONVERSION = YES;
				CLANG_WARN_OBJC_ROOT_CLASS = YES_ERROR;
				CLANG_WARN_RANGE_LOOP_ANALYSIS = YES;
				CLANG_WARN_STRICT_PROTOTYPES = YES;
				CLANG_WARN_SUSPICIOUS_MOVE = YES;
				CLANG_WARN_UNGUARDED_AVAILABILITY = YES_AGGRESSIVE;
				CLANG_WARN_UNREACHABLE_CODE = YES;
				CLANG_WARN__DUPLICATE_METHOD_MATCH = YES;
				CODE_SIGN_IDENTITY = "iPhone Developer";
				COPY_PHASE_STRIP = NO;
				DEBUG_INFORMATION_FORMAT = dwarf;
				ENABLE_STRICT_OBJC_MSGSEND = YES;
				ENABLE_TESTABILITY = YES;
				GCC_C_LANGUAGE_STANDARD = gnu11;
				GCC_DYNAMIC_NO_PIC = NO;
				GCC_NO_COMMON_BLOCKS = YES;
				GCC_OPTIMIZATION_LEVEL = 0;
				GCC_PREPROCESSOR_DEFINITIONS = (
					"DEBUG=1",
					"$(inherited)",
				);
				GCC_WARN_64_TO_32_BIT_CONVERSION = YES;
				GCC_WARN_ABOUT_RETURN_TYPE = YES_ERROR;
				GCC_WARN_UNDECLARED_SELECTOR = YES;
				GCC_WARN_UNINITIALIZED_AUTOS = YES_AGGRESSIVE;
				GCC_WARN_UNUSED_FUNCTION = YES;
				GCC_WARN_UNUSED_VARIABLE = YES;
				IPHONEOS_DEPLOYMENT_TARGET = 11.4;
				MTL_ENABLE_DEBUG_INFO = YES;
				ONLY_ACTIVE_ARCH = YES;
				SDKROOT = iphoneos;
				SWIFT_ACTIVE_COMPILATION_CONDITIONS = DEBUG;
				SWIFT_OPTIMIZATION_LEVEL = "-Onone";
			};
			name = Debug;
		};
		E7834295214754CB00E760D0 /* Release */ = {
			isa = XCBuildConfiguration;
			buildSettings = {
				ALWAYS_SEARCH_USER_PATHS = NO;
				CLANG_ANALYZER_NONNULL = YES;
				CLANG_ANALYZER_NUMBER_OBJECT_CONVERSION = YES_AGGRESSIVE;
				CLANG_CXX_LANGUAGE_STANDARD = "gnu++14";
				CLANG_CXX_LIBRARY = "libc++";
				CLANG_ENABLE_MODULES = YES;
				CLANG_ENABLE_OBJC_ARC = YES;
				CLANG_ENABLE_OBJC_WEAK = YES;
				CLANG_WARN_BLOCK_CAPTURE_AUTORELEASING = YES;
				CLANG_WARN_BOOL_CONVERSION = YES;
				CLANG_WARN_COMMA = YES;
				CLANG_WARN_CONSTANT_CONVERSION = YES;
				CLANG_WARN_DEPRECATED_OBJC_IMPLEMENTATIONS = YES;
				CLANG_WARN_DIRECT_OBJC_ISA_USAGE = YES_ERROR;
				CLANG_WARN_DOCUMENTATION_COMMENTS = YES;
				CLANG_WARN_EMPTY_BODY = YES;
				CLANG_WARN_ENUM_CONVERSION = YES;
				CLANG_WARN_INFINITE_RECURSION = YES;
				CLANG_WARN_INT_CONVERSION = YES;
				CLANG_WARN_NON_LITERAL_NULL_CONVERSION = YES;
				CLANG_WARN_OBJC_IMPLICIT_RETAIN_SELF = YES;
				CLANG_WARN_OBJC_LITERAL_CONVERSION = YES;
				CLANG_WARN_OBJC_ROOT_CLASS = YES_ERROR;
				CLANG_WARN_RANGE_LOOP_ANALYSIS = YES;
				CLANG_WARN_STRICT_PROTOTYPES = YES;
				CLANG_WARN_SUSPICIOUS_MOVE = YES;
				CLANG_WARN_UNGUARDED_AVAILABILITY = YES_AGGRESSIVE;
				CLANG_WARN_UNREACHABLE_CODE = YES;
				CLANG_WARN__DUPLICATE_METHOD_MATCH = YES;
				CODE_SIGN_IDENTITY = "iPhone Developer";
				COPY_PHASE_STRIP = NO;
				DEBUG_INFORMATION_FORMAT = "dwarf-with-dsym";
				ENABLE_NS_ASSERTIONS = NO;
				ENABLE_STRICT_OBJC_MSGSEND = YES;
				GCC_C_LANGUAGE_STANDARD = gnu11;
				GCC_NO_COMMON_BLOCKS = YES;
				GCC_WARN_64_TO_32_BIT_CONVERSION = YES;
				GCC_WARN_ABOUT_RETURN_TYPE = YES_ERROR;
				GCC_WARN_UNDECLARED_SELECTOR = YES;
				GCC_WARN_UNINITIALIZED_AUTOS = YES_AGGRESSIVE;
				GCC_WARN_UNUSED_FUNCTION = YES;
				GCC_WARN_UNUSED_VARIABLE = YES;
				IPHONEOS_DEPLOYMENT_TARGET = 11.4;
				MTL_ENABLE_DEBUG_INFO = NO;
				SDKROOT = iphoneos;
				SWIFT_COMPILATION_MODE = wholemodule;
				SWIFT_OPTIMIZATION_LEVEL = "-O";
				VALIDATE_PRODUCT = YES;
			};
			name = Release;
		};
		E7834297214754CB00E760D0 /* Debug */ = {
			isa = XCBuildConfiguration;
			baseConfigurationReference = A0DB423D4DBA597C9BF5FE8F /* Pods-GO-Native.debug.xcconfig */;
			buildSettings = {
				ASSETCATALOG_COMPILER_APPICON_NAME = AppIcon;
				CODE_SIGN_IDENTITY = "Apple Development";
				CODE_SIGN_STYLE = Automatic;
				DEVELOPMENT_TEAM = B4LQD4KT4M;
				INFOPLIST_FILE = "GO-Native/Info.plist";
				LD_RUNPATH_SEARCH_PATHS = (
					"$(inherited)",
					"@executable_path/Frameworks",
				);
				PRODUCT_BUNDLE_IDENTIFIER = "com.leepete.GO-Native-App";
				PRODUCT_NAME = "$(TARGET_NAME)";
				PROVISIONING_PROFILE_SPECIFIER = "";
				SWIFT_VERSION = 5.0;
				TARGETED_DEVICE_FAMILY = "1,2";
			};
			name = Debug;
		};
		E7834298214754CB00E760D0 /* Release */ = {
			isa = XCBuildConfiguration;
			baseConfigurationReference = C637D2C8DB5E9530094307F1 /* Pods-GO-Native.release.xcconfig */;
			buildSettings = {
				ASSETCATALOG_COMPILER_APPICON_NAME = AppIcon;
				CODE_SIGN_STYLE = Automatic;
				DEVELOPMENT_TEAM = B4LQD4KT4M;
				INFOPLIST_FILE = "GO-Native/Info.plist";
				LD_RUNPATH_SEARCH_PATHS = (
					"$(inherited)",
					"@executable_path/Frameworks",
				);
				PRODUCT_BUNDLE_IDENTIFIER = "com.leepete.GO-Native-App";
				PRODUCT_NAME = "$(TARGET_NAME)";
				SWIFT_VERSION = 5.0;
				TARGETED_DEVICE_FAMILY = "1,2";
			};
			name = Release;
		};
/* End XCBuildConfiguration section */

/* Begin XCConfigurationList section */
		E783427F214754CA00E760D0 /* Build configuration list for PBXProject "GO-Native" */ = {
			isa = XCConfigurationList;
			buildConfigurations = (
				E7834294214754CB00E760D0 /* Debug */,
				E7834295214754CB00E760D0 /* Release */,
			);
			defaultConfigurationIsVisible = 0;
			defaultConfigurationName = Release;
		};
		E7834296214754CB00E760D0 /* Build configuration list for PBXNativeTarget "GO-Native" */ = {
			isa = XCConfigurationList;
			buildConfigurations = (
				E7834297214754CB00E760D0 /* Debug */,
				E7834298214754CB00E760D0 /* Release */,
			);
			defaultConfigurationIsVisible = 0;
			defaultConfigurationName = Release;
		};
/* End XCConfigurationList section */
	};
	rootObject = E783427C214754CA00E760D0 /* Project object */;
}
